
Microsoft Visual Studio Solution File, Format Version 12.00
# Visual Studio 14
VisualStudioVersion = 14.0.25420.1
MinimumVisualStudioVersion = 10.0.40219.1
Project("{FAE04EC0-301F-11D3-BF4B-00C04F79EFBC}") = "ZahediPal.Net.Integration.WebForms", "ZahediPal.Net.Integration.WebForms\ZahediPal.Net.Integration.WebForms.csproj", "{4FBC0811-CB09-4E05-9A34-1281C10D2F8C}"
EndProject
Project("{FAE04EC0-301F-11D3-BF4B-00C04F79EFBC}") = "ZahediPal.Net.Integration.Mvc5", "ZahediPal.Net.Integration.Mvc5\ZahediPal.Net.Integration.Mvc5.csproj", "{C2CCBCAC-3862-4032-93F1-52C166ED2A34}"
EndProject
Project("{FAE04EC0-301F-11D3-BF4B-00C04F79EFBC}") = "ZahediPal.Net.Integration.Core", "ZahediPal.Net.Integration.Core\ZahediPal.Net.Integration.Core.csproj", "{F8716778-38A7-42C2-964B-7C004A548C37}"
EndProject
Global
	GlobalSection(SolutionConfigurationPlatforms) = preSolution
		Debug|Any CPU = Debug|Any CPU
		Release|Any CPU = Release|Any CPU
	EndGlobalSection
	GlobalSection(ProjectConfigurationPlatforms) = postSolution
		{4FBC0811-CB09-4E05-9A34-1281C10D2F8C}.Debug|Any CPU.ActiveCfg = Debug|Any CPU
		{4FBC0811-CB09-4E05-9A34-1281C10D2F8C}.Debug|Any CPU.Build.0 = Debug|Any CPU
		{4FBC0811-CB09-4E05-9A34-1281C10D2F8C}.Release|Any CPU.ActiveCfg = Release|Any CPU
		{4FBC0811-CB09-4E05-9A34-1281C10D2F8C}.Release|Any CPU.Build.0 = Release|Any CPU
		{C2CCBCAC-3862-4032-93F1-52C166ED2A34}.Debug|Any CPU.ActiveCfg = Debug|Any CPU
		{C2CCBCAC-3862-4032-93F1-52C166ED2A34}.Debug|Any CPU.Build.0 = Debug|Any CPU
		{C2CCBCAC-3862-4032-93F1-52C166ED2A34}.Release|Any CPU.ActiveCfg = Release|Any CPU
		{C2CCBCAC-3862-4032-93F1-52C166ED2A34}.Release|Any CPU.Build.0 = Release|Any CPU
		{F8716778-38A7-42C2-964B-7C004A548C37}.Debug|Any CPU.ActiveCfg = Debug|Any CPU
		{F8716778-38A7-42C2-964B-7C004A548C37}.Debug|Any CPU.Build.0 = Debug|Any CPU
		{F8716778-38A7-42C2-964B-7C004A548C37}.Release|Any CPU.ActiveCfg = Release|Any CPU
		{F8716778-38A7-42C2-964B-7C004A548C37}.Release|Any CPU.Build.0 = Release|Any CPU
	EndGlobalSection
	GlobalSection(SolutionProperties) = preSolution
		HideSolutionNode = FALSE
	EndGlobalSection
	GlobalSection(TeamFoundationVersionControl) = preSolution
		SccNumberOfProjects = 4
		SccEnterpriseProvider = {4CA58AB2-18FA-4F8D-95D4-32DDF27D184C}
		SccTeamFoundationServer = http://dotnetguy-pc:8080/tfs/localcollection
		SccLocalPath0 = .
		SccProjectUniqueName1 = ZahediPal.Net.Integration.WebForms\\ZahediPal.Net.Integration.WebForms.csproj
		SccProjectName1 = ZahediPal.Net.Integration.WebForms
		SccLocalPath1 = ZahediPal.Net.Integration.WebForms
		SccProjectUniqueName2 = ZahediPal.Net.Integration.Mvc5\\ZahediPal.Net.Integration.Mvc5.csproj
		SccProjectName2 = ZahediPal.Net.Integration.Mvc5
		SccLocalPath2 = ZahediPal.Net.Integration.Mvc5
		SccProjectUniqueName3 = ZahediPal.Net.Integration.Core\\ZahediPal.Net.Integration.Core.csproj
		SccProjectName3 = ZahediPal.Net.Integration.Core
		SccLocalPath3 = ZahediPal.Net.Integration.Core
	EndGlobalSection
EndGlobal
